Microsoft Visual Studio Solution File, Format Version 12.00
# Visual Studio 14
VisualStudioVersion = 14.0.23107.0
MinimumVisualStudioVersion = 10.0.40219.1
Project("{2150E333-8FDC-42A3-9474-1A3956D46DE8}") = "Solution Items", "Solution Items", "{0691ABF2-B3C7-43BF-9862-2D8D1299CE58}"
	ProjectSection(SolutionItems) = preProject
		..\default.ps1 = ..\default.ps1
		..\global.json = ..\global.json
		MicroMapper.targets = MicroMapper.targets
		..\psake.bat = ..\psake.bat
		..\README.md = ..\README.md
	EndProjectSection
EndProject
Project("{FAE04EC0-301F-11D3-BF4B-00C04F79EFBC}") = "UnitTests.Net4", "UnitTests\UnitTests.Net4.csproj", "{ABF2F5A7-ABFA-4232-9008-B7EEC19ABA96}"
EndProject
Project("{FAE04EC0-301F-11D3-BF4B-00C04F79EFBC}") = "MicroMapperSamples", "MicroMapperSamples\MicroMapperSamples.csproj", "{5AE4AE1D-1D1F-492B-8AF4-72312218CAA6}"
EndProject
Project("{FAE04EC0-301F-11D3-BF4B-00C04F79EFBC}") = "Benchmark", "Benchmark\Benchmark.csproj", "{B8051389-CB47-46FB-B234-9D49506704AA}"
EndProject
Project("{2150E333-8FDC-42A3-9474-1A3956D46DE8}") = "Core", "Core", "{C1930F52-C66E-4E56-B7DB-FD42E497FFF0}"
EndProject
Project("{2150E333-8FDC-42A3-9474-1A3956D46DE8}") = "Tests", "Tests", "{1BCC7A00-6382-4891-936A-F164614D26A4}"
EndProject
Project("{2150E333-8FDC-42A3-9474-1A3956D46DE8}") = "Samples", "Samples", "{B84E9CD3-2DDB-47FA-84BE-732EBF2F46CD}"
EndProject
Project("{FAE04EC0-301F-11D3-BF4B-00C04F79EFBC}") = "UnitTests.WinRT", "UnitTests\UnitTests.WinRT.csproj", "{C1D824CA-77B2-4BA7-A927-28A677213BA9}"
EndProject
Project("{FAE04EC0-301F-11D3-BF4B-00C04F79EFBC}") = "UnitTests.WP8", "UnitTests\UnitTests.WP8.csproj", "{CF6A20A9-4A45-4F64-86B4-09268FA67BAB}"
EndProject
Project("{FAE04EC0-301F-11D3-BF4B-00C04F79EFBC}") = "IntegrationTests.Net4", "IntegrationTests.Net4\IntegrationTests.Net4.csproj", "{906F2125-2AEC-44A3-A95F-CB79C0A745BB}"
EndProject
Project("{2150E333-8FDC-42A3-9474-1A3956D46DE8}") = ".nuget", ".nuget", "{1A726C5A-1BDC-4275-95EB-1FAFCCCB4F20}"
	ProjectSection(SolutionItems) = preProject
		.nuget\NuGet.Config = .nuget\NuGet.Config
		.nuget\NuGet.exe = .nuget\NuGet.exe
	EndProjectSection
EndProject
Project("{8BB2217D-0F2D-49D1-97BC-3654ED321F3B}") = "MicroMapper", "MicroMapper\MicroMapper.xproj", "{39109DD1-DB91-4799-BBA6-38DDC1D47DB1}"
EndProject
Project("{FAE04EC0-301F-11D3-BF4B-00C04F79EFBC}") = "MicroMapper.iOS", "MicroMapper.iOS\MicroMapper.iOS.csproj", "{672C4A6B-2116-47E9-9C61-2C367F3DF257}"
EndProject
Project("{FAE04EC0-301F-11D3-BF4B-00C04F79EFBC}") = "MicroMapper.iOS10", "MicroMapper.iOS10\MicroMapper.iOS10.csproj", "{9C1330EE-9298-42EF-BDF4-652F102CABB1}"
EndProject
Project("{FAE04EC0-301F-11D3-BF4B-00C04F79EFBC}") = "MicroMapper.Net4", "MicroMapper.Net4\MicroMapper.Net4.csproj", "{014501E8-C706-46DA-9FC3-8A9B853E7EE4}"
EndProject
Project("{FAE04EC0-301F-11D3-BF4B-00C04F79EFBC}") = "MicroMapper.WinRT", "MicroMapper.WinRT\MicroMapper.WinRT.csproj", "{90D4F081-2B9F-418B-B4FA-316A3379CC48}"
EndProject
Project("{FAE04EC0-301F-11D3-BF4B-00C04F79EFBC}") = "MicroMapper.WP8", "MicroMapper.WP8\MicroMapper.WP8.csproj", "{F1721380-A29F-428F-9D08-72903A23DB4E}"
EndProject
Project("{FAE04EC0-301F-11D3-BF4B-00C04F79EFBC}") = "MicroMapper.Android", "MicroMapper.Android\MicroMapper.Android.csproj", "{B3BAC0A8-84BA-4A81-9E8A-A1B2C5E2C804}"
EndProject
Project("{FAE04EC0-301F-11D3-BF4B-00C04F79EFBC}") = "MicroMapper.SL5", "MicroMapper.SL5\MicroMapper.SL5.csproj", "{91169E58-0310-469C-809B-33C1B7ED1216}"
EndProject
Project("{FAE04EC0-301F-11D3-BF4B-00C04F79EFBC}") = "UnitTests.SL5", "UnitTests\UnitTests.SL5.csproj", "{F627E428-5E9D-4007-BEEB-89179011893D}"
EndProject
Global
	GlobalSection(SolutionConfigurationPlatforms) = preSolution
		Debug|Any CPU = Debug|Any CPU
		Debug|ARM = Debug|ARM
		Debug|x64 = Debug|x64
		Debug|x86 = Debug|x86
		Release|Any CPU = Release|Any CPU
		Release|ARM = Release|ARM
		Release|x64 = Release|x64
		Release|x86 = Release|x86
		ReleaseWin8|Any CPU = ReleaseWin8|Any CPU
		ReleaseWin8|ARM = ReleaseWin8|ARM
		ReleaseWin8|x64 = ReleaseWin8|x64
		ReleaseWin8|x86 = ReleaseWin8|x86
	EndGlobalSection
	GlobalSection(ProjectConfigurationPlatforms) = postSolution
		{ABF2F5A7-ABFA-4232-9008-B7EEC19ABA96}.Debug|Any CPU.ActiveCfg = Debug|Any CPU
		{ABF2F5A7-ABFA-4232-9008-B7EEC19ABA96}.Debug|Any CPU.Build.0 = Debug|Any CPU
		{ABF2F5A7-ABFA-4232-9008-B7EEC19ABA96}.Debug|ARM.ActiveCfg = Debug|Any CPU
		{ABF2F5A7-ABFA-4232-9008-B7EEC19ABA96}.Debug|x64.ActiveCfg = Debug|Any CPU
		{ABF2F5A7-ABFA-4232-9008-B7EEC19ABA96}.Debug|x86.ActiveCfg = Debug|Any CPU
		{ABF2F5A7-ABFA-4232-9008-B7EEC19ABA96}.Release|Any CPU.ActiveCfg = Release|Any CPU
		{ABF2F5A7-ABFA-4232-9008-B7EEC19ABA96}.Release|Any CPU.Build.0 = Release|Any CPU
		{ABF2F5A7-ABFA-4232-9008-B7EEC19ABA96}.Release|ARM.ActiveCfg = Release|Any CPU
		{ABF2F5A7-ABFA-4232-9008-B7EEC19ABA96}.Release|x64.ActiveCfg = Release|Any CPU
		{ABF2F5A7-ABFA-4232-9008-B7EEC19ABA96}.Release|x86.ActiveCfg = Release|Any CPU
		{ABF2F5A7-ABFA-4232-9008-B7EEC19ABA96}.ReleaseWin8|Any CPU.ActiveCfg = Release|Any CPU
		{ABF2F5A7-ABFA-4232-9008-B7EEC19ABA96}.ReleaseWin8|ARM.ActiveCfg = Release|Any CPU
		{ABF2F5A7-ABFA-4232-9008-B7EEC19ABA96}.ReleaseWin8|x64.ActiveCfg = Release|Any CPU
		{ABF2F5A7-ABFA-4232-9008-B7EEC19ABA96}.ReleaseWin8|x86.ActiveCfg = Release|Any CPU
		{5AE4AE1D-1D1F-492B-8AF4-72312218CAA6}.Debug|Any CPU.ActiveCfg = Debug|Any CPU
		{5AE4AE1D-1D1F-492B-8AF4-72312218CAA6}.Debug|ARM.ActiveCfg = Debug|Any CPU
		{5AE4AE1D-1D1F-492B-8AF4-72312218CAA6}.Debug|x64.ActiveCfg = Debug|Any CPU
		{5AE4AE1D-1D1F-492B-8AF4-72312218CAA6}.Debug|x86.ActiveCfg = Debug|Any CPU
		{5AE4AE1D-1D1F-492B-8AF4-72312218CAA6}.Release|Any CPU.ActiveCfg = Release|Any CPU
		{5AE4AE1D-1D1F-492B-8AF4-72312218CAA6}.Release|ARM.ActiveCfg = Release|Any CPU
		{5AE4AE1D-1D1F-492B-8AF4-72312218CAA6}.Release|x64.ActiveCfg = Release|Any CPU
		{5AE4AE1D-1D1F-492B-8AF4-72312218CAA6}.Release|x86.ActiveCfg = Release|Any CPU
		{5AE4AE1D-1D1F-492B-8AF4-72312218CAA6}.ReleaseWin8|Any CPU.ActiveCfg = Release|Any CPU
		{5AE4AE1D-1D1F-492B-8AF4-72312218CAA6}.ReleaseWin8|ARM.ActiveCfg = Release|Any CPU
		{5AE4AE1D-1D1F-492B-8AF4-72312218CAA6}.ReleaseWin8|x64.ActiveCfg = Release|Any CPU
		{5AE4AE1D-1D1F-492B-8AF4-72312218CAA6}.ReleaseWin8|x86.ActiveCfg = Release|Any CPU
		{B8051389-CB47-46FB-B234-9D49506704AA}.Debug|Any CPU.ActiveCfg = Debug|Any CPU
		{B8051389-CB47-46FB-B234-9D49506704AA}.Debug|Any CPU.Build.0 = Debug|Any CPU
		{B8051389-CB47-46FB-B234-9D49506704AA}.Debug|ARM.ActiveCfg = Debug|Any CPU
		{B8051389-CB47-46FB-B234-9D49506704AA}.Debug|x64.ActiveCfg = Debug|Any CPU
		{B8051389-CB47-46FB-B234-9D49506704AA}.Debug|x86.ActiveCfg = Debug|Any CPU
		{B8051389-CB47-46FB-B234-9D49506704AA}.Release|Any CPU.ActiveCfg = Release|Any CPU
		{B8051389-CB47-46FB-B234-9D49506704AA}.Release|ARM.ActiveCfg = Release|Any CPU
		{B8051389-CB47-46FB-B234-9D49506704AA}.Release|x64.ActiveCfg = Release|Any CPU
		{B8051389-CB47-46FB-B234-9D49506704AA}.Release|x86.ActiveCfg = Release|Any CPU
		{B8051389-CB47-46FB-B234-9D49506704AA}.ReleaseWin8|Any CPU.ActiveCfg = Release|Any CPU
		{B8051389-CB47-46FB-B234-9D49506704AA}.ReleaseWin8|ARM.ActiveCfg = Release|Any CPU
		{B8051389-CB47-46FB-B234-9D49506704AA}.ReleaseWin8|x64.ActiveCfg = Release|Any CPU
		{B8051389-CB47-46FB-B234-9D49506704AA}.ReleaseWin8|x86.ActiveCfg = Release|Any CPU
		{C1D824CA-77B2-4BA7-A927-28A677213BA9}.Debug|Any CPU.ActiveCfg = Debug|Any CPU
		{C1D824CA-77B2-4BA7-A927-28A677213BA9}.Debug|Any CPU.Build.0 = Debug|Any CPU
		{C1D824CA-77B2-4BA7-A927-28A677213BA9}.Debug|Any CPU.Deploy.0 = Debug|Any CPU
		{C1D824CA-77B2-4BA7-A927-28A677213BA9}.Debug|ARM.ActiveCfg = Debug|ARM
		{C1D824CA-77B2-4BA7-A927-28A677213BA9}.Debug|ARM.Build.0 = Debug|ARM
		{C1D824CA-77B2-4BA7-A927-28A677213BA9}.Debug|ARM.Deploy.0 = Debug|ARM
		{C1D824CA-77B2-4BA7-A927-28A677213BA9}.Debug|x64.ActiveCfg = Debug|x64
		{C1D824CA-77B2-4BA7-A927-28A677213BA9}.Debug|x64.Build.0 = Debug|x64
		{C1D824CA-77B2-4BA7-A927-28A677213BA9}.Debug|x64.Deploy.0 = Debug|x64
		{C1D824CA-77B2-4BA7-A927-28A677213BA9}.Debug|x86.ActiveCfg = Debug|x86
		{C1D824CA-77B2-4BA7-A927-28A677213BA9}.Debug|x86.Build.0 = Debug|x86
		{C1D824CA-77B2-4BA7-A927-28A677213BA9}.Debug|x86.Deploy.0 = Debug|x86
		{C1D824CA-77B2-4BA7-A927-28A677213BA9}.Release|Any CPU.ActiveCfg = Release|Any CPU
		{C1D824CA-77B2-4BA7-A927-28A677213BA9}.Release|Any CPU.Build.0 = Release|Any CPU
		{C1D824CA-77B2-4BA7-A927-28A677213BA9}.Release|ARM.ActiveCfg = Release|ARM
		{C1D824CA-77B2-4BA7-A927-28A677213BA9}.Release|ARM.Build.0 = Release|ARM
		{C1D824CA-77B2-4BA7-A927-28A677213BA9}.Release|ARM.Deploy.0 = Release|ARM
		{C1D824CA-77B2-4BA7-A927-28A677213BA9}.Release|x64.ActiveCfg = Release|x64
		{C1D824CA-77B2-4BA7-A927-28A677213BA9}.Release|x64.Build.0 = Release|x64
		{C1D824CA-77B2-4BA7-A927-28A677213BA9}.Release|x64.Deploy.0 = Release|x64
		{C1D824CA-77B2-4BA7-A927-28A677213BA9}.Release|x86.ActiveCfg = Release|x86
		{C1D824CA-77B2-4BA7-A927-28A677213BA9}.Release|x86.Build.0 = Release|x86
		{C1D824CA-77B2-4BA7-A927-28A677213BA9}.Release|x86.Deploy.0 = Release|x86
		{C1D824CA-77B2-4BA7-A927-28A677213BA9}.ReleaseWin8|Any CPU.ActiveCfg = Release|Any CPU
		{C1D824CA-77B2-4BA7-A927-28A677213BA9}.ReleaseWin8|ARM.ActiveCfg = Release|ARM
		{C1D824CA-77B2-4BA7-A927-28A677213BA9}.ReleaseWin8|ARM.Build.0 = Release|ARM
		{C1D824CA-77B2-4BA7-A927-28A677213BA9}.ReleaseWin8|ARM.Deploy.0 = Release|ARM
		{C1D824CA-77B2-4BA7-A927-28A677213BA9}.ReleaseWin8|x64.ActiveCfg = Release|x64
		{C1D824CA-77B2-4BA7-A927-28A677213BA9}.ReleaseWin8|x64.Build.0 = Release|x64
		{C1D824CA-77B2-4BA7-A927-28A677213BA9}.ReleaseWin8|x64.Deploy.0 = Release|x64
		{C1D824CA-77B2-4BA7-A927-28A677213BA9}.ReleaseWin8|x86.ActiveCfg = Release|x86
		{C1D824CA-77B2-4BA7-A927-28A677213BA9}.ReleaseWin8|x86.Build.0 = Release|x86
		{C1D824CA-77B2-4BA7-A927-28A677213BA9}.ReleaseWin8|x86.Deploy.0 = Release|x86
		{CF6A20A9-4A45-4F64-86B4-09268FA67BAB}.Debug|Any CPU.ActiveCfg = Debug|Any CPU
		{CF6A20A9-4A45-4F64-86B4-09268FA67BAB}.Debug|Any CPU.Build.0 = Debug|Any CPU
		{CF6A20A9-4A45-4F64-86B4-09268FA67BAB}.Debug|ARM.ActiveCfg = Debug|Any CPU
		{CF6A20A9-4A45-4F64-86B4-09268FA67BAB}.Debug|x64.ActiveCfg = Debug|Any CPU
		{CF6A20A9-4A45-4F64-86B4-09268FA67BAB}.Debug|x86.ActiveCfg = Debug|Any CPU
		{CF6A20A9-4A45-4F64-86B4-09268FA67BAB}.Release|Any CPU.ActiveCfg = Release|Any CPU
		{CF6A20A9-4A45-4F64-86B4-09268FA67BAB}.Release|Any CPU.Build.0 = Release|Any CPU
		{CF6A20A9-4A45-4F64-86B4-09268FA67BAB}.Release|ARM.ActiveCfg = Release|Any CPU
		{CF6A20A9-4A45-4F64-86B4-09268FA67BAB}.Release|x64.ActiveCfg = Release|Any CPU
		{CF6A20A9-4A45-4F64-86B4-09268FA67BAB}.Release|x86.ActiveCfg = Release|Any CPU
		{CF6A20A9-4A45-4F64-86B4-09268FA67BAB}.ReleaseWin8|Any CPU.ActiveCfg = Release|Any CPU
		{CF6A20A9-4A45-4F64-86B4-09268FA67BAB}.ReleaseWin8|ARM.ActiveCfg = Release|ARM
		{CF6A20A9-4A45-4F64-86B4-09268FA67BAB}.ReleaseWin8|ARM.Build.0 = Release|ARM
		{CF6A20A9-4A45-4F64-86B4-09268FA67BAB}.ReleaseWin8|x64.ActiveCfg = Release|Any CPU
		{CF6A20A9-4A45-4F64-86B4-09268FA67BAB}.ReleaseWin8|x86.ActiveCfg = Release|x86
		{CF6A20A9-4A45-4F64-86B4-09268FA67BAB}.ReleaseWin8|x86.Build.0 = Release|x86
		{906F2125-2AEC-44A3-A95F-CB79C0A745BB}.Debug|Any CPU.ActiveCfg = Debug|Any CPU
		{906F2125-2AEC-44A3-A95F-CB79C0A745BB}.Debug|Any CPU.Build.0 = Debug|Any CPU
		{906F2125-2AEC-44A3-A95F-CB79C0A745BB}.Debug|ARM.ActiveCfg = Debug|Any CPU
		{906F2125-2AEC-44A3-A95F-CB79C0A745BB}.Debug|x64.ActiveCfg = Debug|Any CPU
		{906F2125-2AEC-44A3-A95F-CB79C0A745BB}.Debug|x86.ActiveCfg = Debug|Any CPU
		{906F2125-2AEC-44A3-A95F-CB79C0A745BB}.Release|Any CPU.ActiveCfg = Release|Any CPU
		{906F2125-2AEC-44A3-A95F-CB79C0A745BB}.Release|Any CPU.Build.0 = Release|Any CPU
		{906F2125-2AEC-44A3-A95F-CB79C0A745BB}.Release|ARM.ActiveCfg = Release|Any CPU
		{906F2125-2AEC-44A3-A95F-CB79C0A745BB}.Release|x64.ActiveCfg = Release|Any CPU
		{906F2125-2AEC-44A3-A95F-CB79C0A745BB}.Release|x86.ActiveCfg = Release|Any CPU
		{906F2125-2AEC-44A3-A95F-CB79C0A745BB}.ReleaseWin8|Any CPU.ActiveCfg = Release|Any CPU
		{906F2125-2AEC-44A3-A95F-CB79C0A745BB}.ReleaseWin8|ARM.ActiveCfg = Release|Any CPU
		{906F2125-2AEC-44A3-A95F-CB79C0A745BB}.ReleaseWin8|x64.ActiveCfg = Release|Any CPU
		{906F2125-2AEC-44A3-A95F-CB79C0A745BB}.ReleaseWin8|x86.ActiveCfg = Release|Any CPU
		{39109DD1-DB91-4799-BBA6-38DDC1D47DB1}.Debug|Any CPU.ActiveCfg = Debug|Any CPU
		{39109DD1-DB91-4799-BBA6-38DDC1D47DB1}.Debug|ARM.ActiveCfg = Debug|Any CPU
		{39109DD1-DB91-4799-BBA6-38DDC1D47DB1}.Debug|ARM.Build.0 = Debug|Any CPU
		{39109DD1-DB91-4799-BBA6-38DDC1D47DB1}.Debug|x64.ActiveCfg = Debug|Any CPU
		{39109DD1-DB91-4799-BBA6-38DDC1D47DB1}.Debug|x64.Build.0 = Debug|Any CPU
		{39109DD1-DB91-4799-BBA6-38DDC1D47DB1}.Debug|x86.ActiveCfg = Debug|Any CPU
		{39109DD1-DB91-4799-BBA6-38DDC1D47DB1}.Debug|x86.Build.0 = Debug|Any CPU
		{39109DD1-DB91-4799-BBA6-38DDC1D47DB1}.Release|Any CPU.ActiveCfg = Release|Any CPU
		{39109DD1-DB91-4799-BBA6-38DDC1D47DB1}.Release|Any CPU.Build.0 = Release|Any CPU
		{39109DD1-DB91-4799-BBA6-38DDC1D47DB1}.Release|ARM.ActiveCfg = Release|Any CPU
		{39109DD1-DB91-4799-BBA6-38DDC1D47DB1}.Release|ARM.Build.0 = Release|Any CPU
		{39109DD1-DB91-4799-BBA6-38DDC1D47DB1}.Release|x64.ActiveCfg = Release|Any CPU
		{39109DD1-DB91-4799-BBA6-38DDC1D47DB1}.Release|x64.Build.0 = Release|Any CPU
		{39109DD1-DB91-4799-BBA6-38DDC1D47DB1}.Release|x86.ActiveCfg = Release|Any CPU
		{39109DD1-DB91-4799-BBA6-38DDC1D47DB1}.Release|x86.Build.0 = Release|Any CPU
		{39109DD1-DB91-4799-BBA6-38DDC1D47DB1}.ReleaseWin8|Any CPU.ActiveCfg = Release|Any CPU
		{39109DD1-DB91-4799-BBA6-38DDC1D47DB1}.ReleaseWin8|Any CPU.Build.0 = Release|Any CPU
		{39109DD1-DB91-4799-BBA6-38DDC1D47DB1}.ReleaseWin8|ARM.ActiveCfg = Release|Any CPU
		{39109DD1-DB91-4799-BBA6-38DDC1D47DB1}.ReleaseWin8|ARM.Build.0 = Release|Any CPU
		{39109DD1-DB91-4799-BBA6-38DDC1D47DB1}.ReleaseWin8|x64.ActiveCfg = Release|Any CPU
		{39109DD1-DB91-4799-BBA6-38DDC1D47DB1}.ReleaseWin8|x64.Build.0 = Release|Any CPU
		{39109DD1-DB91-4799-BBA6-38DDC1D47DB1}.ReleaseWin8|x86.ActiveCfg = Release|Any CPU
		{39109DD1-DB91-4799-BBA6-38DDC1D47DB1}.ReleaseWin8|x86.Build.0 = Release|Any CPU
		{672C4A6B-2116-47E9-9C61-2C367F3DF257}.Debug|Any CPU.ActiveCfg = Debug|Any CPU
		{672C4A6B-2116-47E9-9C61-2C367F3DF257}.Debug|ARM.ActiveCfg = Debug|Any CPU
		{672C4A6B-2116-47E9-9C61-2C367F3DF257}.Debug|ARM.Build.0 = Debug|Any CPU
		{672C4A6B-2116-47E9-9C61-2C367F3DF257}.Debug|x64.ActiveCfg = Debug|Any CPU
		{672C4A6B-2116-47E9-9C61-2C367F3DF257}.Debug|x64.Build.0 = Debug|Any CPU
		{672C4A6B-2116-47E9-9C61-2C367F3DF257}.Debug|x86.ActiveCfg = Debug|Any CPU
		{672C4A6B-2116-47E9-9C61-2C367F3DF257}.Debug|x86.Build.0 = Debug|Any CPU
		{672C4A6B-2116-47E9-9C61-2C367F3DF257}.Release|Any CPU.ActiveCfg = Release|Any CPU
		{672C4A6B-2116-47E9-9C61-2C367F3DF257}.Release|Any CPU.Build.0 = Release|Any CPU
		{672C4A6B-2116-47E9-9C61-2C367F3DF257}.Release|ARM.ActiveCfg = Release|Any CPU
		{672C4A6B-2116-47E9-9C61-2C367F3DF257}.Release|ARM.Build.0 = Release|Any CPU
		{672C4A6B-2116-47E9-9C61-2C367F3DF257}.Release|x64.ActiveCfg = Release|Any CPU
		{672C4A6B-2116-47E9-9C61-2C367F3DF257}.Release|x64.Build.0 = Release|Any CPU
		{672C4A6B-2116-47E9-9C61-2C367F3DF257}.Release|x86.ActiveCfg = Release|Any CPU
		{672C4A6B-2116-47E9-9C61-2C367F3DF257}.Release|x86.Build.0 = Release|Any CPU
		{672C4A6B-2116-47E9-9C61-2C367F3DF257}.ReleaseWin8|Any CPU.ActiveCfg = Release|Any CPU
		{672C4A6B-2116-47E9-9C61-2C367F3DF257}.ReleaseWin8|Any CPU.Build.0 = Release|Any CPU
		{672C4A6B-2116-47E9-9C61-2C367F3DF257}.ReleaseWin8|ARM.ActiveCfg = Release|Any CPU
		{672C4A6B-2116-47E9-9C61-2C367F3DF257}.ReleaseWin8|ARM.Build.0 = Release|Any CPU
		{672C4A6B-2116-47E9-9C61-2C367F3DF257}.ReleaseWin8|x64.ActiveCfg = Release|Any CPU
		{672C4A6B-2116-47E9-9C61-2C367F3DF257}.ReleaseWin8|x64.Build.0 = Release|Any CPU
		{672C4A6B-2116-47E9-9C61-2C367F3DF257}.ReleaseWin8|x86.ActiveCfg = Release|Any CPU
		{672C4A6B-2116-47E9-9C61-2C367F3DF257}.ReleaseWin8|x86.Build.0 = Release|Any CPU
		{9C1330EE-9298-42EF-BDF4-652F102CABB1}.Debug|Any CPU.ActiveCfg = Debug|Any CPU
		{9C1330EE-9298-42EF-BDF4-652F102CABB1}.Debug|ARM.ActiveCfg = Debug|Any CPU
		{9C1330EE-9298-42EF-BDF4-652F102CABB1}.Debug|ARM.Build.0 = Debug|Any CPU
		{9C1330EE-9298-42EF-BDF4-652F102CABB1}.Debug|x64.ActiveCfg = Debug|Any CPU
		{9C1330EE-9298-42EF-BDF4-652F102CABB1}.Debug|x64.Build.0 = Debug|Any CPU
		{9C1330EE-9298-42EF-BDF4-652F102CABB1}.Debug|x86.ActiveCfg = Debug|Any CPU
		{9C1330EE-9298-42EF-BDF4-652F102CABB1}.Debug|x86.Build.0 = Debug|Any CPU
		{9C1330EE-9298-42EF-BDF4-652F102CABB1}.Release|Any CPU.ActiveCfg = Release|Any CPU
		{9C1330EE-9298-42EF-BDF4-652F102CABB1}.Release|Any CPU.Build.0 = Release|Any CPU
		{9C1330EE-9298-42EF-BDF4-652F102CABB1}.Release|ARM.ActiveCfg = Release|Any CPU
		{9C1330EE-9298-42EF-BDF4-652F102CABB1}.Release|ARM.Build.0 = Release|Any CPU
		{9C1330EE-9298-42EF-BDF4-652F102CABB1}.Release|x64.ActiveCfg = Release|Any CPU
		{9C1330EE-9298-42EF-BDF4-652F102CABB1}.Release|x64.Build.0 = Release|Any CPU
		{9C1330EE-9298-42EF-BDF4-652F102CABB1}.Release|x86.ActiveCfg = Release|Any CPU
		{9C1330EE-9298-42EF-BDF4-652F102CABB1}.Release|x86.Build.0 = Release|Any CPU
		{9C1330EE-9298-42EF-BDF4-652F102CABB1}.ReleaseWin8|Any CPU.ActiveCfg = Release|Any CPU
		{9C1330EE-9298-42EF-BDF4-652F102CABB1}.ReleaseWin8|Any CPU.Build.0 = Release|Any CPU
		{9C1330EE-9298-42EF-BDF4-652F102CABB1}.ReleaseWin8|ARM.ActiveCfg = Release|Any CPU
		{9C1330EE-9298-42EF-BDF4-652F102CABB1}.ReleaseWin8|ARM.Build.0 = Release|Any CPU
		{9C1330EE-9298-42EF-BDF4-652F102CABB1}.ReleaseWin8|x64.ActiveCfg = Release|Any CPU
		{9C1330EE-9298-42EF-BDF4-652F102CABB1}.ReleaseWin8|x64.Build.0 = Release|Any CPU
		{9C1330EE-9298-42EF-BDF4-652F102CABB1}.ReleaseWin8|x86.ActiveCfg = Release|Any CPU
		{9C1330EE-9298-42EF-BDF4-652F102CABB1}.ReleaseWin8|x86.Build.0 = Release|Any CPU
		{014501E8-C706-46DA-9FC3-8A9B853E7EE4}.Debug|Any CPU.ActiveCfg = Debug|Any CPU
		{014501E8-C706-46DA-9FC3-8A9B853E7EE4}.Debug|Any CPU.Build.0 = Debug|Any CPU
		{014501E8-C706-46DA-9FC3-8A9B853E7EE4}.Debug|ARM.ActiveCfg = Debug|Any CPU
		{014501E8-C706-46DA-9FC3-8A9B853E7EE4}.Debug|ARM.Build.0 = Debug|Any CPU
		{014501E8-C706-46DA-9FC3-8A9B853E7EE4}.Debug|x64.ActiveCfg = Debug|Any CPU
		{014501E8-C706-46DA-9FC3-8A9B853E7EE4}.Debug|x64.Build.0 = Debug|Any CPU
		{014501E8-C706-46DA-9FC3-8A9B853E7EE4}.Debug|x86.ActiveCfg = Debug|Any CPU
		{014501E8-C706-46DA-9FC3-8A9B853E7EE4}.Debug|x86.Build.0 = Debug|Any CPU
		{014501E8-C706-46DA-9FC3-8A9B853E7EE4}.Release|Any CPU.ActiveCfg = Release|Any CPU
		{014501E8-C706-46DA-9FC3-8A9B853E7EE4}.Release|Any CPU.Build.0 = Release|Any CPU
		{014501E8-C706-46DA-9FC3-8A9B853E7EE4}.Release|ARM.ActiveCfg = Release|Any CPU
		{014501E8-C706-46DA-9FC3-8A9B853E7EE4}.Release|ARM.Build.0 = Release|Any CPU
		{014501E8-C706-46DA-9FC3-8A9B853E7EE4}.Release|x64.ActiveCfg = Release|Any CPU
		{014501E8-C706-46DA-9FC3-8A9B853E7EE4}.Release|x64.Build.0 = Release|Any CPU
		{014501E8-C706-46DA-9FC3-8A9B853E7EE4}.Release|x86.ActiveCfg = Release|Any CPU
		{014501E8-C706-46DA-9FC3-8A9B853E7EE4}.Release|x86.Build.0 = Release|Any CPU
		{014501E8-C706-46DA-9FC3-8A9B853E7EE4}.ReleaseWin8|Any CPU.ActiveCfg = Release|Any CPU
		{014501E8-C706-46DA-9FC3-8A9B853E7EE4}.ReleaseWin8|Any CPU.Build.0 = Release|Any CPU
		{014501E8-C706-46DA-9FC3-8A9B853E7EE4}.ReleaseWin8|ARM.ActiveCfg = Release|Any CPU
		{014501E8-C706-46DA-9FC3-8A9B853E7EE4}.ReleaseWin8|ARM.Build.0 = Release|Any CPU
		{014501E8-C706-46DA-9FC3-8A9B853E7EE4}.ReleaseWin8|x64.ActiveCfg = Release|Any CPU
		{014501E8-C706-46DA-9FC3-8A9B853E7EE4}.ReleaseWin8|x64.Build.0 = Release|Any CPU
		{014501E8-C706-46DA-9FC3-8A9B853E7EE4}.ReleaseWin8|x86.ActiveCfg = Release|Any CPU
		{014501E8-C706-46DA-9FC3-8A9B853E7EE4}.ReleaseWin8|x86.Build.0 = Release|Any CPU
		{90D4F081-2B9F-418B-B4FA-316A3379CC48}.Debug|Any CPU.ActiveCfg = Debug|Any CPU
		{90D4F081-2B9F-418B-B4FA-316A3379CC48}.Debug|Any CPU.Build.0 = Debug|Any CPU
		{90D4F081-2B9F-418B-B4FA-316A3379CC48}.Debug|ARM.ActiveCfg = Debug|Any CPU
		{90D4F081-2B9F-418B-B4FA-316A3379CC48}.Debug|ARM.Build.0 = Debug|Any CPU
		{90D4F081-2B9F-418B-B4FA-316A3379CC48}.Debug|x64.ActiveCfg = Debug|Any CPU
		{90D4F081-2B9F-418B-B4FA-316A3379CC48}.Debug|x64.Build.0 = Debug|Any CPU
		{90D4F081-2B9F-418B-B4FA-316A3379CC48}.Debug|x86.ActiveCfg = Debug|Any CPU
		{90D4F081-2B9F-418B-B4FA-316A3379CC48}.Debug|x86.Build.0 = Debug|Any CPU
		{90D4F081-2B9F-418B-B4FA-316A3379CC48}.Release|Any CPU.ActiveCfg = Release|Any CPU
		{90D4F081-2B9F-418B-B4FA-316A3379CC48}.Release|Any CPU.Build.0 = Release|Any CPU
		{90D4F081-2B9F-418B-B4FA-316A3379CC48}.Release|ARM.ActiveCfg = Release|Any CPU
		{90D4F081-2B9F-418B-B4FA-316A3379CC48}.Release|ARM.Build.0 = Release|Any CPU
		{90D4F081-2B9F-418B-B4FA-316A3379CC48}.Release|x64.ActiveCfg = Release|Any CPU
		{90D4F081-2B9F-418B-B4FA-316A3379CC48}.Release|x64.Build.0 = Release|Any CPU
		{90D4F081-2B9F-418B-B4FA-316A3379CC48}.Release|x86.ActiveCfg = Release|Any CPU
		{90D4F081-2B9F-418B-B4FA-316A3379CC48}.Release|x86.Build.0 = Release|Any CPU
		{90D4F081-2B9F-418B-B4FA-316A3379CC48}.ReleaseWin8|Any CPU.ActiveCfg = Release|Any CPU
		{90D4F081-2B9F-418B-B4FA-316A3379CC48}.ReleaseWin8|Any CPU.Build.0 = Release|Any CPU
		{90D4F081-2B9F-418B-B4FA-316A3379CC48}.ReleaseWin8|ARM.ActiveCfg = Release|Any CPU
		{90D4F081-2B9F-418B-B4FA-316A3379CC48}.ReleaseWin8|ARM.Build.0 = Release|Any CPU
		{90D4F081-2B9F-418B-B4FA-316A3379CC48}.ReleaseWin8|x64.ActiveCfg = Release|Any CPU
		{90D4F081-2B9F-418B-B4FA-316A3379CC48}.ReleaseWin8|x64.Build.0 = Release|Any CPU
		{90D4F081-2B9F-418B-B4FA-316A3379CC48}.ReleaseWin8|x86.ActiveCfg = Release|Any CPU
		{90D4F081-2B9F-418B-B4FA-316A3379CC48}.ReleaseWin8|x86.Build.0 = Release|Any CPU
		{F1721380-A29F-428F-9D08-72903A23DB4E}.Debug|Any CPU.ActiveCfg = Debug|Any CPU
		{F1721380-A29F-428F-9D08-72903A23DB4E}.Debug|Any CPU.Build.0 = Debug|Any CPU
		{F1721380-A29F-428F-9D08-72903A23DB4E}.Debug|ARM.ActiveCfg = Debug|ARM
		{F1721380-A29F-428F-9D08-72903A23DB4E}.Debug|ARM.Build.0 = Debug|ARM
		{F1721380-A29F-428F-9D08-72903A23DB4E}.Debug|x64.ActiveCfg = Debug|Any CPU
		{F1721380-A29F-428F-9D08-72903A23DB4E}.Debug|x64.Build.0 = Debug|Any CPU
		{F1721380-A29F-428F-9D08-72903A23DB4E}.Debug|x86.ActiveCfg = Debug|x86
		{F1721380-A29F-428F-9D08-72903A23DB4E}.Debug|x86.Build.0 = Debug|x86
		{F1721380-A29F-428F-9D08-72903A23DB4E}.Release|Any CPU.ActiveCfg = Release|Any CPU
		{F1721380-A29F-428F-9D08-72903A23DB4E}.Release|Any CPU.Build.0 = Release|Any CPU
		{F1721380-A29F-428F-9D08-72903A23DB4E}.Release|ARM.ActiveCfg = Release|ARM
		{F1721380-A29F-428F-9D08-72903A23DB4E}.Release|ARM.Build.0 = Release|ARM
		{F1721380-A29F-428F-9D08-72903A23DB4E}.Release|x64.ActiveCfg = Release|Any CPU
		{F1721380-A29F-428F-9D08-72903A23DB4E}.Release|x64.Build.0 = Release|Any CPU
		{F1721380-A29F-428F-9D08-72903A23DB4E}.Release|x86.ActiveCfg = Release|x86
		{F1721380-A29F-428F-9D08-72903A23DB4E}.Release|x86.Build.0 = Release|x86
		{F1721380-A29F-428F-9D08-72903A23DB4E}.ReleaseWin8|Any CPU.ActiveCfg = Release|Any CPU
		{F1721380-A29F-428F-9D08-72903A23DB4E}.ReleaseWin8|Any CPU.Build.0 = Release|Any CPU
		{F1721380-A29F-428F-9D08-72903A23DB4E}.ReleaseWin8|ARM.ActiveCfg = Release|ARM
		{F1721380-A29F-428F-9D08-72903A23DB4E}.ReleaseWin8|ARM.Build.0 = Release|ARM
		{F1721380-A29F-428F-9D08-72903A23DB4E}.ReleaseWin8|x64.ActiveCfg = Release|Any CPU
		{F1721380-A29F-428F-9D08-72903A23DB4E}.ReleaseWin8|x64.Build.0 = Release|Any CPU
		{F1721380-A29F-428F-9D08-72903A23DB4E}.ReleaseWin8|x86.ActiveCfg = Release|x86
		{F1721380-A29F-428F-9D08-72903A23DB4E}.ReleaseWin8|x86.Build.0 = Release|x86
		{B3BAC0A8-84BA-4A81-9E8A-A1B2C5E2C804}.Debug|Any CPU.ActiveCfg = Debug|Any CPU
		{B3BAC0A8-84BA-4A81-9E8A-A1B2C5E2C804}.Debug|ARM.ActiveCfg = Debug|Any CPU
		{B3BAC0A8-84BA-4A81-9E8A-A1B2C5E2C804}.Debug|ARM.Build.0 = Debug|Any CPU
		{B3BAC0A8-84BA-4A81-9E8A-A1B2C5E2C804}.Debug|x64.ActiveCfg = Debug|Any CPU
		{B3BAC0A8-84BA-4A81-9E8A-A1B2C5E2C804}.Debug|x64.Build.0 = Debug|Any CPU
		{B3BAC0A8-84BA-4A81-9E8A-A1B2C5E2C804}.Debug|x86.ActiveCfg = Debug|Any CPU
		{B3BAC0A8-84BA-4A81-9E8A-A1B2C5E2C804}.Debug|x86.Build.0 = Debug|Any CPU
		{B3BAC0A8-84BA-4A81-9E8A-A1B2C5E2C804}.Release|Any CPU.ActiveCfg = Release|Any CPU
		{B3BAC0A8-84BA-4A81-9E8A-A1B2C5E2C804}.Release|Any CPU.Build.0 = Release|Any CPU
		{B3BAC0A8-84BA-4A81-9E8A-A1B2C5E2C804}.Release|ARM.ActiveCfg = Release|Any CPU
		{B3BAC0A8-84BA-4A81-9E8A-A1B2C5E2C804}.Release|ARM.Build.0 = Release|Any CPU
		{B3BAC0A8-84BA-4A81-9E8A-A1B2C5E2C804}.Release|x64.ActiveCfg = Release|Any CPU
		{B3BAC0A8-84BA-4A81-9E8A-A1B2C5E2C804}.Release|x64.Build.0 = Release|Any CPU
		{B3BAC0A8-84BA-4A81-9E8A-A1B2C5E2C804}.Release|x86.ActiveCfg = Release|Any CPU
		{B3BAC0A8-84BA-4A81-9E8A-A1B2C5E2C804}.Release|x86.Build.0 = Release|Any CPU
		{B3BAC0A8-84BA-4A81-9E8A-A1B2C5E2C804}.ReleaseWin8|Any CPU.ActiveCfg = Release|Any CPU
		{B3BAC0A8-84BA-4A81-9E8A-A1B2C5E2C804}.ReleaseWin8|Any CPU.Build.0 = Release|Any CPU
		{B3BAC0A8-84BA-4A81-9E8A-A1B2C5E2C804}.ReleaseWin8|ARM.ActiveCfg = Release|Any CPU
		{B3BAC0A8-84BA-4A81-9E8A-A1B2C5E2C804}.ReleaseWin8|ARM.Build.0 = Release|Any CPU
		{B3BAC0A8-84BA-4A81-9E8A-A1B2C5E2C804}.ReleaseWin8|x64.ActiveCfg = Release|Any CPU
		{B3BAC0A8-84BA-4A81-9E8A-A1B2C5E2C804}.ReleaseWin8|x64.Build.0 = Release|Any CPU
		{B3BAC0A8-84BA-4A81-9E8A-A1B2C5E2C804}.ReleaseWin8|x86.ActiveCfg = Release|Any CPU
		{B3BAC0A8-84BA-4A81-9E8A-A1B2C5E2C804}.ReleaseWin8|x86.Build.0 = Release|Any CPU
		{91169E58-0310-469C-809B-33C1B7ED1216}.Debug|Any CPU.ActiveCfg = Debug|Any CPU
		{91169E58-0310-469C-809B-33C1B7ED1216}.Debug|Any CPU.Build.0 = Debug|Any CPU
		{91169E58-0310-469C-809B-33C1B7ED1216}.Debug|ARM.ActiveCfg = Debug|Any CPU
		{91169E58-0310-469C-809B-33C1B7ED1216}.Debug|ARM.Build.0 = Debug|Any CPU
		{91169E58-0310-469C-809B-33C1B7ED1216}.Debug|x64.ActiveCfg = Debug|Any CPU
		{91169E58-0310-469C-809B-33C1B7ED1216}.Debug|x64.Build.0 = Debug|Any CPU
		{91169E58-0310-469C-809B-33C1B7ED1216}.Debug|x86.ActiveCfg = Debug|Any CPU
		{91169E58-0310-469C-809B-33C1B7ED1216}.Debug|x86.Build.0 = Debug|Any CPU
		{91169E58-0310-469C-809B-33C1B7ED1216}.Release|Any CPU.ActiveCfg = Release|Any CPU
		{91169E58-0310-469C-809B-33C1B7ED1216}.Release|Any CPU.Build.0 = Release|Any CPU
		{91169E58-0310-469C-809B-33C1B7ED1216}.Release|ARM.ActiveCfg = Release|Any CPU
		{91169E58-0310-469C-809B-33C1B7ED1216}.Release|ARM.Build.0 = Release|Any CPU
		{91169E58-0310-469C-809B-33C1B7ED1216}.Release|x64.ActiveCfg = Release|Any CPU
		{91169E58-0310-469C-809B-33C1B7ED1216}.Release|x64.Build.0 = Release|Any CPU
		{91169E58-0310-469C-809B-33C1B7ED1216}.Release|x86.ActiveCfg = Release|Any CPU
		{91169E58-0310-469C-809B-33C1B7ED1216}.Release|x86.Build.0 = Release|Any CPU
		{91169E58-0310-469C-809B-33C1B7ED1216}.ReleaseWin8|Any CPU.ActiveCfg = Release|Any CPU
		{91169E58-0310-469C-809B-33C1B7ED1216}.ReleaseWin8|Any CPU.Build.0 = Release|Any CPU
		{91169E58-0310-469C-809B-33C1B7ED1216}.ReleaseWin8|ARM.ActiveCfg = Release|Any CPU
		{91169E58-0310-469C-809B-33C1B7ED1216}.ReleaseWin8|ARM.Build.0 = Release|Any CPU
		{91169E58-0310-469C-809B-33C1B7ED1216}.ReleaseWin8|x64.ActiveCfg = Release|Any CPU
		{91169E58-0310-469C-809B-33C1B7ED1216}.ReleaseWin8|x64.Build.0 = Release|Any CPU
		{91169E58-0310-469C-809B-33C1B7ED1216}.ReleaseWin8|x86.ActiveCfg = Release|Any CPU
		{91169E58-0310-469C-809B-33C1B7ED1216}.ReleaseWin8|x86.Build.0 = Release|Any CPU
		{F627E428-5E9D-4007-BEEB-89179011893D}.Debug|Any CPU.ActiveCfg = Debug|Any CPU
		{F627E428-5E9D-4007-BEEB-89179011893D}.Debug|Any CPU.Build.0 = Debug|Any CPU
		{F627E428-5E9D-4007-BEEB-89179011893D}.Debug|ARM.ActiveCfg = Debug|Any CPU
		{F627E428-5E9D-4007-BEEB-89179011893D}.Debug|ARM.Build.0 = Debug|Any CPU
		{F627E428-5E9D-4007-BEEB-89179011893D}.Debug|x64.ActiveCfg = Debug|Any CPU
		{F627E428-5E9D-4007-BEEB-89179011893D}.Debug|x64.Build.0 = Debug|Any CPU
		{F627E428-5E9D-4007-BEEB-89179011893D}.Debug|x86.ActiveCfg = Debug|Any CPU
		{F627E428-5E9D-4007-BEEB-89179011893D}.Debug|x86.Build.0 = Debug|Any CPU
		{F627E428-5E9D-4007-BEEB-89179011893D}.Release|Any CPU.ActiveCfg = Release|Any CPU
		{F627E428-5E9D-4007-BEEB-89179011893D}.Release|Any CPU.Build.0 = Release|Any CPU
		{F627E428-5E9D-4007-BEEB-89179011893D}.Release|ARM.ActiveCfg = Release|Any CPU
		{F627E428-5E9D-4007-BEEB-89179011893D}.Release|ARM.Build.0 = Release|Any CPU
		{F627E428-5E9D-4007-BEEB-89179011893D}.Release|x64.ActiveCfg = Release|Any CPU
		{F627E428-5E9D-4007-BEEB-89179011893D}.Release|x64.Build.0 = Release|Any CPU
		{F627E428-5E9D-4007-BEEB-89179011893D}.Release|x86.ActiveCfg = Release|Any CPU
		{F627E428-5E9D-4007-BEEB-89179011893D}.Release|x86.Build.0 = Release|Any CPU
		{F627E428-5E9D-4007-BEEB-89179011893D}.ReleaseWin8|Any CPU.ActiveCfg = Release|Any CPU
		{F627E428-5E9D-4007-BEEB-89179011893D}.ReleaseWin8|Any CPU.Build.0 = Release|Any CPU
		{F627E428-5E9D-4007-BEEB-89179011893D}.ReleaseWin8|ARM.ActiveCfg = Release|Any CPU
		{F627E428-5E9D-4007-BEEB-89179011893D}.ReleaseWin8|ARM.Build.0 = Release|Any CPU
		{F627E428-5E9D-4007-BEEB-89179011893D}.ReleaseWin8|x64.ActiveCfg = Release|Any CPU
		{F627E428-5E9D-4007-BEEB-89179011893D}.ReleaseWin8|x64.Build.0 = Release|Any CPU
		{F627E428-5E9D-4007-BEEB-89179011893D}.ReleaseWin8|x86.ActiveCfg = Release|Any CPU
		{F627E428-5E9D-4007-BEEB-89179011893D}.ReleaseWin8|x86.Build.0 = Release|Any CPU
	EndGlobalSection
	GlobalSection(SolutionProperties) = preSolution
		HideSolutionNode = FALSE
	EndGlobalSection
	GlobalSection(NestedProjects) = preSolution
		{ABF2F5A7-ABFA-4232-9008-B7EEC19ABA96} = {1BCC7A00-6382-4891-936A-F164614D26A4}
		{5AE4AE1D-1D1F-492B-8AF4-72312218CAA6} = {B84E9CD3-2DDB-47FA-84BE-732EBF2F46CD}
		{B8051389-CB47-46FB-B234-9D49506704AA} = {1BCC7A00-6382-4891-936A-F164614D26A4}
		{C1D824CA-77B2-4BA7-A927-28A677213BA9} = {1BCC7A00-6382-4891-936A-F164614D26A4}
		{CF6A20A9-4A45-4F64-86B4-09268FA67BAB} = {1BCC7A00-6382-4891-936A-F164614D26A4}
		{906F2125-2AEC-44A3-A95F-CB79C0A745BB} = {1BCC7A00-6382-4891-936A-F164614D26A4}
		{39109DD1-DB91-4799-BBA6-38DDC1D47DB1} = {C1930F52-C66E-4E56-B7DB-FD42E497FFF0}
		{672C4A6B-2116-47E9-9C61-2C367F3DF257} = {C1930F52-C66E-4E56-B7DB-FD42E497FFF0}
		{9C1330EE-9298-42EF-BDF4-652F102CABB1} = {C1930F52-C66E-4E56-B7DB-FD42E497FFF0}
		{014501E8-C706-46DA-9FC3-8A9B853E7EE4} = {C1930F52-C66E-4E56-B7DB-FD42E497FFF0}
		{90D4F081-2B9F-418B-B4FA-316A3379CC48} = {C1930F52-C66E-4E56-B7DB-FD42E497FFF0}
		{F1721380-A29F-428F-9D08-72903A23DB4E} = {C1930F52-C66E-4E56-B7DB-FD42E497FFF0}
		{B3BAC0A8-84BA-4A81-9E8A-A1B2C5E2C804} = {C1930F52-C66E-4E56-B7DB-FD42E497FFF0}
		{91169E58-0310-469C-809B-33C1B7ED1216} = {C1930F52-C66E-4E56-B7DB-FD42E497FFF0}
		{F627E428-5E9D-4007-BEEB-89179011893D} = {1BCC7A00-6382-4891-936A-F164614D26A4}
	EndGlobalSection
EndGlobal
